
Microsoft Visual Studio Solution File, Format Version 12.00
# Visual Studio Version 17
VisualStudioVersion = 17.7.34003.232
MinimumVisualStudioVersion = 10.0.40219.1
Project("{FAE04EC0-301F-11D3-BF4B-00C04F79EFBC}") = "cursive printing", "cursive printing\cursive printing.csproj", "{7D0E51E1-8FE0-4326-9E87-62910FF6BCFC}"
EndProject
Global
	GlobalSection(SolutionConfigurationPlatforms) = preSolution
		Debug|Any CPU = Debug|Any CPU
		Release|Any CPU = Release|Any CPU
	EndGlobalSection
	GlobalSection(ProjectConfigurationPlatforms) = postSolution
		{7D0E51E1-8FE0-4326-9E87-62910FF6BCFC}.Debug|Any CPU.ActiveCfg = Debug|Any CPU
		{7D0E51E1-8FE0-4326-9E87-62910FF6BCFC}.Debug|Any CPU.Build.0 = Debug|Any CPU
		{7D0E51E1-8FE0-4326-9E87-62910FF6BCFC}.Release|Any CPU.ActiveCfg = Release|Any CPU
		{7D0E51E1-8FE0-4326-9E87-62910FF6BCFC}.Release|Any CPU.Build.0 = Release|Any CPU
	EndGlobalSection
	GlobalSection(SolutionProperties) = preSolution
		HideSolutionNode = FALSE
	EndGlobalSection
	GlobalSection(ExtensibilityGlobals) = postSolution
		SolutionGuid = {8C1B20C5-9181-4A72-8A86-05CFF69A1C14}
	EndGlobalSection
EndGlobal
